// !$*UTF8*$!
{
	archiveVersion = 1;
	classes = {
	};
	objectVersion = 56;
	objects = {

/* Begin PBXFileReference section */
		0C95C12128E7C1060001DB93 /* Playground.playground */ = {isa = PBXFileReference; lastKnownFileType = file.playground; path = Playground.playground; sourceTree = "<group>"; xcLanguageSpecificationIdentifier = xcode.lang.swift; };
/* End PBXFileReference section */

/* Begin PBXGroup section */
		0C95C11A28E7C0D20001DB93 = {
			isa = PBXGroup;
			children = (
				0C95C12128E7C1060001DB93 /* Playground.playground */,
			);
			sourceTree = "<group>";
		};
/* End PBXGroup section */

/* Begin PBXProject section */
		0C95C11B28E7C0D20001DB93 /* Project object */ = {
			isa = PBXProject;
			attributes = {
				BuildIndependentTargetsInParallel = 1;
				LastUpgradeCheck = 1400;
			};
			buildConfigurationList = 0C95C11E28E7C0D20001DB93 /* Build configuration list for PBXProject "SwiftCode" */;
			compatibilityVersion = "Xcode 14.0";
			developmentRegion = en;
			hasScannedForEncodings = 0;
			knownRegions = (
				en,
				Base,
			);
			mainGroup = 0C95C11A28E7C0D20001DB93;
			projectDirPath = "";
			projectRoot = "";
			targets = (
			);
		};
/* End PBXProject section */

/* Begin XCBuildConfiguration section */
		0C95C11F28E7C0D20001DB93 /* Debug */ = {
			isa = XCBuildConfiguration;
			buildSettings = {
			};
			name = Debug;
		};
		0C95C12028E7C0D20001DB93 /* Release */ = {
			isa = XCBuildConfiguration;
			buildSettings = {
			};
			name = Release;
		};
/* End XCBuildConfiguration section */

/* Begin XCConfigurationList section */
		0C95C11E28E7C0D20001DB93 /* Build configuration list for PBXProject "SwiftCode" */ = {
			isa = XCConfigurationList;
			buildConfigurations = (
				0C95C11F28E7C0D20001DB93 /* Debug */,
				0C95C12028E7C0D20001DB93 /* Release */,
			);
			defaultConfigurationIsVisible = 0;
			defaultConfigurationName = Release;
		};
/* End XCConfigurationList section */
	};
	rootObject = 0C95C11B28E7C0D20001DB93 /* Project object */;
}
